
Microsoft Visual Studio Solution File, Format Version 12.00
# Visual Studio Version 17
VisualStudioVersion = 17.6.33829.357
MinimumVisualStudioVersion = 10.0.40219.1
Project("{FAE04EC0-301F-11D3-BF4B-00C04F79EFBC}") = "JqueryAvaliacao1", "JqueryAvaliacao1\JqueryAvaliacao1.csproj", "{8777B97D-C994-40D4-98B7-84A945C548AB}"
EndProject
Global
	GlobalSection(SolutionConfigurationPlatforms) = preSolution
		Debug|Any CPU = Debug|Any CPU
		Release|Any CPU = Release|Any CPU
	EndGlobalSection
	GlobalSection(ProjectConfigurationPlatforms) = postSolution
		{8777B97D-C994-40D4-98B7-84A945C548AB}.Debug|Any CPU.ActiveCfg = Debug|Any CPU
		{8777B97D-C994-40D4-98B7-84A945C548AB}.Debug|Any CPU.Build.0 = Debug|Any CPU
		{8777B97D-C994-40D4-98B7-84A945C548AB}.Release|Any CPU.ActiveCfg = Release|Any CPU
		{8777B97D-C994-40D4-98B7-84A945C548AB}.Release|Any CPU.Build.0 = Release|Any CPU
	EndGlobalSection
	GlobalSection(SolutionProperties) = preSolution
		HideSolutionNode = FALSE
	EndGlobalSection
	GlobalSection(ExtensibilityGlobals) = postSolution
		SolutionGuid = {5F683580-8143-49A8-A651-475406D030EC}
	EndGlobalSection
EndGlobal
